
Microsoft Visual Studio Solution File, Format Version 11.00
# Visual Studio 2010
Project("{FAE04EC0-301F-11D3-BF4B-00C04F79EFBC}") = "AWC.BusinessLayer", "AWC.BusinessLayer\AWC.BusinessLayer.csproj", "{CE7AD1C6-4175-44C7-A94A-BDD268F8A627}"
EndProject
Project("{FAE04EC0-301F-11D3-BF4B-00C04F79EFBC}") = "AWC.DataLayer", "AWC.DataLayer\AWC.DataLayer.csproj", "{73B78703-C317-43A3-8728-FF7EB5E3D71E}"
EndProject
Project("{FAE04EC0-301F-11D3-BF4B-00C04F79EFBC}") = "AWC.Entities", "AWC.Entities\AWC.Entities.csproj", "{80D800B7-5EA0-4AC0-B81C-6F83B8DD02E7}"
EndProject
Project("{FAE04EC0-301F-11D3-BF4B-00C04F79EFBC}") = "AWCOnlineStore", "AWCOnlineStore\AWCOnlineStore.csproj", "{01CB1CB2-E6BA-4FED-9D57-F4A489408E84}"
EndProject
Project("{2150E333-8FDC-42A3-9474-1A3956D46DE8}") = "Solution Items", "Solution Items", "{2F32091E-3C2D-478D-AD7E-DC88DCEC866B}"
	ProjectSection(SolutionItems) = preProject
		AWCOnlineStore.vsmdi = AWCOnlineStore.vsmdi
		Local.testsettings = Local.testsettings
		TraceAndTestImpact.testsettings = TraceAndTestImpact.testsettings
	EndProjectSection
EndProject
Global
	GlobalSection(TestCaseManagementSettings) = postSolution
		CategoryFile = AWCOnlineStore.vsmdi
	EndGlobalSection
	GlobalSection(SolutionConfigurationPlatforms) = preSolution
		Debug|Any CPU = Debug|Any CPU
		Release|Any CPU = Release|Any CPU
	EndGlobalSection
	GlobalSection(ProjectConfigurationPlatforms) = postSolution
		{CE7AD1C6-4175-44C7-A94A-BDD268F8A627}.Debug|Any CPU.ActiveCfg = Debug|Any CPU
		{CE7AD1C6-4175-44C7-A94A-BDD268F8A627}.Debug|Any CPU.Build.0 = Debug|Any CPU
		{CE7AD1C6-4175-44C7-A94A-BDD268F8A627}.Release|Any CPU.ActiveCfg = Release|Any CPU
		{CE7AD1C6-4175-44C7-A94A-BDD268F8A627}.Release|Any CPU.Build.0 = Release|Any CPU
		{73B78703-C317-43A3-8728-FF7EB5E3D71E}.Debug|Any CPU.ActiveCfg = Debug|Any CPU
		{73B78703-C317-43A3-8728-FF7EB5E3D71E}.Debug|Any CPU.Build.0 = Debug|Any CPU
		{73B78703-C317-43A3-8728-FF7EB5E3D71E}.Release|Any CPU.ActiveCfg = Release|Any CPU
		{73B78703-C317-43A3-8728-FF7EB5E3D71E}.Release|Any CPU.Build.0 = Release|Any CPU
		{80D800B7-5EA0-4AC0-B81C-6F83B8DD02E7}.Debug|Any CPU.ActiveCfg = Debug|Any CPU
		{80D800B7-5EA0-4AC0-B81C-6F83B8DD02E7}.Debug|Any CPU.Build.0 = Debug|Any CPU
		{80D800B7-5EA0-4AC0-B81C-6F83B8DD02E7}.Release|Any CPU.ActiveCfg = Release|Any CPU
		{80D800B7-5EA0-4AC0-B81C-6F83B8DD02E7}.Release|Any CPU.Build.0 = Release|Any CPU
		{01CB1CB2-E6BA-4FED-9D57-F4A489408E84}.Debug|Any CPU.ActiveCfg = Debug|Any CPU
		{01CB1CB2-E6BA-4FED-9D57-F4A489408E84}.Debug|Any CPU.Build.0 = Debug|Any CPU
		{01CB1CB2-E6BA-4FED-9D57-F4A489408E84}.Release|Any CPU.ActiveCfg = Release|Any CPU
		{01CB1CB2-E6BA-4FED-9D57-F4A489408E84}.Release|Any CPU.Build.0 = Release|Any CPU
	EndGlobalSection
	GlobalSection(SolutionProperties) = preSolution
		HideSolutionNode = FALSE
	EndGlobalSection
EndGlobal
